
Microsoft Visual Studio Solution File, Format Version 12.00
# Visual Studio Version 16
VisualStudioVersion = 16.0.29709.97
MinimumVisualStudioVersion = 10.0.40219.1
Project("{9A19103F-16F7-4668-BE54-9A1E7A4F7556}") = "ValueConversion.Ef6", "ValueConversion.Ef6\ValueConversion.Ef6.csproj", "{F68C407C-3104-477F-80BA-67DAAE94702C}"
EndProject
Project("{FAE04EC0-301F-11D3-BF4B-00C04F79EFBC}") = "ValueConversion.Tests", "ValueConversion.Tests\ValueConversion.Tests.csproj", "{A1371C1F-300D-4C95-A38E-027CD3DCBBF8}"
EndProject
Project("{2150E333-8FDC-42A3-9474-1A3956D46DE8}") = "Solution Items", "Solution Items", "{DF0F928E-704C-411B-A450-D1804518A83F}"
	ProjectSection(SolutionItems) = preProject
		.editorconfig = .editorconfig
	EndProjectSection
EndProject
Global
	GlobalSection(SolutionConfigurationPlatforms) = preSolution
		Debug|Any CPU = Debug|Any CPU
		Release|Any CPU = Release|Any CPU
	EndGlobalSection
	GlobalSection(ProjectConfigurationPlatforms) = postSolution
		{F68C407C-3104-477F-80BA-67DAAE94702C}.Debug|Any CPU.ActiveCfg = Debug|Any CPU
		{F68C407C-3104-477F-80BA-67DAAE94702C}.Debug|Any CPU.Build.0 = Debug|Any CPU
		{F68C407C-3104-477F-80BA-67DAAE94702C}.Release|Any CPU.ActiveCfg = Release|Any CPU
		{F68C407C-3104-477F-80BA-67DAAE94702C}.Release|Any CPU.Build.0 = Release|Any CPU
		{A1371C1F-300D-4C95-A38E-027CD3DCBBF8}.Debug|Any CPU.ActiveCfg = Debug|Any CPU
		{A1371C1F-300D-4C95-A38E-027CD3DCBBF8}.Debug|Any CPU.Build.0 = Debug|Any CPU
		{A1371C1F-300D-4C95-A38E-027CD3DCBBF8}.Release|Any CPU.ActiveCfg = Release|Any CPU
		{A1371C1F-300D-4C95-A38E-027CD3DCBBF8}.Release|Any CPU.Build.0 = Release|Any CPU
	EndGlobalSection
	GlobalSection(SolutionProperties) = preSolution
		HideSolutionNode = FALSE
	EndGlobalSection
	GlobalSection(ExtensibilityGlobals) = postSolution
		SolutionGuid = {D75703A0-AAD9-4EB7-B71B-F0692AE0F74F}
	EndGlobalSection
EndGlobal
